
Microsoft Visual Studio Solution File, Format Version 12.00
# Visual Studio Version 17
VisualStudioVersion = 17.7.34024.191
MinimumVisualStudioVersion = 10.0.40219.1
Project("{FAE04EC0-301F-11D3-BF4B-00C04F79EFBC}") = "Task_1", "lab_8\Task_1.csproj", "{22B2F9D7-30BE-4523-9F13-64F32FFC2098}"
EndProject
Project("{FAE04EC0-301F-11D3-BF4B-00C04F79EFBC}") = "Task_2", "Task_2\Task_2.csproj", "{11CB01F5-8DE7-4E49-976F-5914070F5380}"
EndProject
Project("{FAE04EC0-301F-11D3-BF4B-00C04F79EFBC}") = "Task_3", "Task_3\Task_3.csproj", "{C63BD5E4-BE61-4957-9610-4D4712FF4B0A}"
EndProject
Project("{FAE04EC0-301F-11D3-BF4B-00C04F79EFBC}") = "Task_4", "Task_4\Task_4.csproj", "{3CEE3431-F0D8-4F1E-A592-685BF6675C48}"
EndProject
Global
	GlobalSection(SolutionConfigurationPlatforms) = preSolution
		Debug|Any CPU = Debug|Any CPU
		Release|Any CPU = Release|Any CPU
	EndGlobalSection
	GlobalSection(ProjectConfigurationPlatforms) = postSolution
		{22B2F9D7-30BE-4523-9F13-64F32FFC2098}.Debug|Any CPU.ActiveCfg = Debug|Any CPU
		{22B2F9D7-30BE-4523-9F13-64F32FFC2098}.Debug|Any CPU.Build.0 = Debug|Any CPU
		{22B2F9D7-30BE-4523-9F13-64F32FFC2098}.Release|Any CPU.ActiveCfg = Release|Any CPU
		{22B2F9D7-30BE-4523-9F13-64F32FFC2098}.Release|Any CPU.Build.0 = Release|Any CPU
		{11CB01F5-8DE7-4E49-976F-5914070F5380}.Debug|Any CPU.ActiveCfg = Debug|Any CPU
		{11CB01F5-8DE7-4E49-976F-5914070F5380}.Debug|Any CPU.Build.0 = Debug|Any CPU
		{11CB01F5-8DE7-4E49-976F-5914070F5380}.Release|Any CPU.ActiveCfg = Release|Any CPU
		{11CB01F5-8DE7-4E49-976F-5914070F5380}.Release|Any CPU.Build.0 = Release|Any CPU
		{C63BD5E4-BE61-4957-9610-4D4712FF4B0A}.Debug|Any CPU.ActiveCfg = Debug|Any CPU
		{C63BD5E4-BE61-4957-9610-4D4712FF4B0A}.Debug|Any CPU.Build.0 = Debug|Any CPU
		{C63BD5E4-BE61-4957-9610-4D4712FF4B0A}.Release|Any CPU.ActiveCfg = Release|Any CPU
		{C63BD5E4-BE61-4957-9610-4D4712FF4B0A}.Release|Any CPU.Build.0 = Release|Any CPU
		{3CEE3431-F0D8-4F1E-A592-685BF6675C48}.Debug|Any CPU.ActiveCfg = Debug|Any CPU
		{3CEE3431-F0D8-4F1E-A592-685BF6675C48}.Debug|Any CPU.Build.0 = Debug|Any CPU
		{3CEE3431-F0D8-4F1E-A592-685BF6675C48}.Release|Any CPU.ActiveCfg = Release|Any CPU
		{3CEE3431-F0D8-4F1E-A592-685BF6675C48}.Release|Any CPU.Build.0 = Release|Any CPU
	EndGlobalSection
	GlobalSection(SolutionProperties) = preSolution
		HideSolutionNode = FALSE
	EndGlobalSection
	GlobalSection(ExtensibilityGlobals) = postSolution
		SolutionGuid = {BA9807B9-B42A-4E86-B564-EE3EA89443DA}
	EndGlobalSection
EndGlobal
